// !$*UTF8*$!
{
	archiveVersion = 1;
	classes = {
	};
	objectVersion = 50;
	objects = {

/* Begin PBXBuildFile section */
		1A1EFDFA260A8D7400B02910 /* AppDelegate.swift in Sources */ = {isa = PBXBuildFile; fileRef = 1A1EFDF9260A8D7400B02910 /* AppDelegate.swift */; };
		1A1EFDFC260A8D7400B02910 /* SceneDelegate.swift in Sources */ = {isa = PBXBuildFile; fileRef = 1A1EFDFB260A8D7400B02910 /* SceneDelegate.swift */; };
		1A1EFDFE260A8D7400B02910 /* ViewController.swift in Sources */ = {isa = PBXBuildFile; fileRef = 1A1EFDFD260A8D7400B02910 /* ViewController.swift */; };
		1A1EFE01260A8D7400B02910 /* Main.storyboard in Resources */ = {isa = PBXBuildFile; fileRef = 1A1EFDFF260A8D7400B02910 /* Main.storyboard */; };
		1A1EFE04260A8D7400B02910 /* nearBuy10.xcdatamodeld in Sources */ = {isa = PBXBuildFile; fileRef = 1A1EFE02260A8D7400B02910 /* nearBuy10.xcdatamodeld */; };
		1A1EFE06260A8D7500B02910 /* Assets.xcassets in Resources */ = {isa = PBXBuildFile; fileRef = 1A1EFE05260A8D7500B02910 /* Assets.xcassets */; };
		1A1EFE09260A8D7500B02910 /* LaunchScreen.storyboard in Resources */ = {isa = PBXBuildFile; fileRef = 1A1EFE07260A8D7500B02910 /* LaunchScreen.storyboard */; };
		1A1EFE12260A943B00B02910 /* StoreTableViewController.swift in Sources */ = {isa = PBXBuildFile; fileRef = 1A1EFE11260A943B00B02910 /* StoreTableViewController.swift */; };
		1A1EFE17260A944F00B02910 /* ItemTableViewController.swift in Sources */ = {isa = PBXBuildFile; fileRef = 1A1EFE16260A944F00B02910 /* ItemTableViewController.swift */; };
		1A1EFE1A260A947E00B02910 /* AddNewItemViewController.swift in Sources */ = {isa = PBXBuildFile; fileRef = 1A1EFE19260A947E00B02910 /* AddNewItemViewController.swift */; };
		1A1EFE1D260A949500B02910 /* ShoppingTableViewController.swift in Sources */ = {isa = PBXBuildFile; fileRef = 1A1EFE1C260A949500B02910 /* ShoppingTableViewController.swift */; };
		1A1EFE23260A95FD00B02910 /* Store+CoreDataClass.swift in Sources */ = {isa = PBXBuildFile; fileRef = 1A1EFE1F260A95FD00B02910 /* Store+CoreDataClass.swift */; };
		1A1EFE24260A95FD00B02910 /* Store+CoreDataProperties.swift in Sources */ = {isa = PBXBuildFile; fileRef = 1A1EFE20260A95FD00B02910 /* Store+CoreDataProperties.swift */; };
		1A1EFE25260A95FD00B02910 /* Item+CoreDataClass.swift in Sources */ = {isa = PBXBuildFile; fileRef = 1A1EFE21260A95FD00B02910 /* Item+CoreDataClass.swift */; };
		1A1EFE26260A95FD00B02910 /* Item+CoreDataProperties.swift in Sources */ = {isa = PBXBuildFile; fileRef = 1A1EFE22260A95FD00B02910 /* Item+CoreDataProperties.swift */; };
		1A44A875261256B500337DA3 /* DetailedItemViewController.swift in Sources */ = {isa = PBXBuildFile; fileRef = 1A44A874261256B500337DA3 /* DetailedItemViewController.swift */; };
/* End PBXBuildFile section */

/* Begin PBXFileReference section */
		1A1EFDF6260A8D7400B02910 /* nearBuy10.app */ = {isa = PBXFileReference; explicitFileType = wrapper.application; includeInIndex = 0; path = nearBuy10.app; sourceTree = BUILT_PRODUCTS_DIR; };
		1A1EFDF9260A8D7400B02910 /* AppDelegate.swift */ = {isa = PBXFileReference; lastKnownFileType = sourcecode.swift; path = AppDelegate.swift; sourceTree = "<group>"; };
		1A1EFDFB260A8D7400B02910 /* SceneDelegate.swift */ = {isa = PBXFileReference; lastKnownFileType = sourcecode.swift; path = SceneDelegate.swift; sourceTree = "<group>"; };
		1A1EFDFD260A8D7400B02910 /* ViewController.swift */ = {isa = PBXFileReference; lastKnownFileType = sourcecode.swift; path = ViewController.swift; sourceTree = "<group>"; };
		1A1EFE00260A8D7400B02910 /* Base */ = {isa = PBXFileReference; lastKnownFileType = file.storyboard; name = Base; path = Base.lproj/Main.storyboard; sourceTree = "<group>"; };
		1A1EFE03260A8D7400B02910 /* nearBuy10.xcdatamodel */ = {isa = PBXFileReference; lastKnownFileType = wrapper.xcdatamodel; path = nearBuy10.xcdatamodel; sourceTree = "<group>"; };
		1A1EFE05260A8D7500B02910 /* Assets.xcassets */ = {isa = PBXFileReference; lastKnownFileType = folder.assetcatalog; path = Assets.xcassets; sourceTree = "<group>"; };
		1A1EFE08260A8D7500B02910 /* Base */ = {isa = PBXFileReference; lastKnownFileType = file.storyboard; name = Base; path = Base.lproj/LaunchScreen.storyboard; sourceTree = "<group>"; };
		1A1EFE0A260A8D7500B02910 /* Info.plist */ = {isa = PBXFileReference; lastKnownFileType = text.plist.xml; path = Info.plist; sourceTree = "<group>"; };
		1A1EFE11260A943B00B02910 /* StoreTableViewController.swift */ = {isa = PBXFileReference; lastKnownFileType = sourcecode.swift; path = StoreTableViewController.swift; sourceTree = "<group>"; };
		1A1EFE16260A944F00B02910 /* ItemTableViewController.swift */ = {isa = PBXFileReference; lastKnownFileType = sourcecode.swift; path = ItemTableViewController.swift; sourceTree = "<group>"; };
		1A1EFE19260A947E00B02910 /* AddNewItemViewController.swift */ = {isa = PBXFileReference; lastKnownFileType = sourcecode.swift; path = AddNewItemViewController.swift; sourceTree = "<group>"; };
		1A1EFE1C260A949500B02910 /* ShoppingTableViewController.swift */ = {isa = PBXFileReference; lastKnownFileType = sourcecode.swift; path = ShoppingTableViewController.swift; sourceTree = "<group>"; };
		1A1EFE1F260A95FD00B02910 /* Store+CoreDataClass.swift */ = {isa = PBXFileReference; lastKnownFileType = sourcecode.swift; name = "Store+CoreDataClass.swift"; path = "nearBuy10/Data/Store+CoreDataClass.swift"; sourceTree = "<group>"; };
		1A1EFE20260A95FD00B02910 /* Store+CoreDataProperties.swift */ = {isa = PBXFileReference; lastKnownFileType = sourcecode.swift; name = "Store+CoreDataProperties.swift"; path = "nearBuy10/Data/Store+CoreDataProperties.swift"; sourceTree = "<group>"; };
		1A1EFE21260A95FD00B02910 /* Item+CoreDataClass.swift */ = {isa = PBXFileReference; lastKnownFileType = sourcecode.swift; name = "Item+CoreDataClass.swift"; path = "nearBuy10/Data/Item+CoreDataClass.swift"; sourceTree = "<group>"; };
		1A1EFE22260A95FD00B02910 /* Item+CoreDataProperties.swift */ = {isa = PBXFileReference; lastKnownFileType = sourcecode.swift; name = "Item+CoreDataProperties.swift"; path = "nearBuy10/Data/Item+CoreDataProperties.swift"; sourceTree = "<group>"; };
		1A44A874261256B500337DA3 /* DetailedItemViewController.swift */ = {isa = PBXFileReference; lastKnownFileType = sourcecode.swift; name = DetailedItemViewController.swift; path = ../../../../../James/Desktop/nearBuy10/nearBuy10/Controllers/DetailedItemViewController.swift; sourceTree = "<group>"; };
/* End PBXFileReference section */

/* Begin PBXFrameworksBuildPhase section */
		1A1EFDF3260A8D7400B02910 /* Frameworks */ = {
			isa = PBXFrameworksBuildPhase;
			buildActionMask = 2147483647;
			files = (
			);
			runOnlyForDeploymentPostprocessing = 0;
		};
/* End PBXFrameworksBuildPhase section */

/* Begin PBXGroup section */
		1A1EFDED260A8D7400B02910 = {
			isa = PBXGroup;
			children = (
				1A1EFE1F260A95FD00B02910 /* Store+CoreDataClass.swift */,
				1A1EFE20260A95FD00B02910 /* Store+CoreDataProperties.swift */,
				1A1EFE21260A95FD00B02910 /* Item+CoreDataClass.swift */,
				1A1EFE22260A95FD00B02910 /* Item+CoreDataProperties.swift */,
				1A1EFDF8260A8D7400B02910 /* nearBuy10 */,
				1A1EFDF7260A8D7400B02910 /* Products */,
			);
			sourceTree = "<group>";
		};
		1A1EFDF7260A8D7400B02910 /* Products */ = {
			isa = PBXGroup;
			children = (
				1A1EFDF6260A8D7400B02910 /* nearBuy10.app */,
			);
			name = Products;
			sourceTree = "<group>";
		};
		1A1EFDF8260A8D7400B02910 /* nearBuy10 */ = {
			isa = PBXGroup;
			children = (
				1A1EFDF9260A8D7400B02910 /* AppDelegate.swift */,
				1A1EFDFB260A8D7400B02910 /* SceneDelegate.swift */,
				1A1EFDFD260A8D7400B02910 /* ViewController.swift */,
				1A1EFDFF260A8D7400B02910 /* Main.storyboard */,
				1A1EFE14260A944000B02910 /* Controllers */,
				1A1EFE05260A8D7500B02910 /* Assets.xcassets */,
				1A1EFE07260A8D7500B02910 /* LaunchScreen.storyboard */,
				1A1EFE0A260A8D7500B02910 /* Info.plist */,
				1A1EFE02260A8D7400B02910 /* nearBuy10.xcdatamodeld */,
			);
			path = nearBuy10;
			sourceTree = "<group>";
		};
		1A1EFE14260A944000B02910 /* Controllers */ = {
			isa = PBXGroup;
			children = (
				1A1EFE11260A943B00B02910 /* StoreTableViewController.swift */,
				1A1EFE16260A944F00B02910 /* ItemTableViewController.swift */,
				1A1EFE19260A947E00B02910 /* AddNewItemViewController.swift */,
				1A1EFE1C260A949500B02910 /* ShoppingTableViewController.swift */,
				1A44A874261256B500337DA3 /* DetailedItemViewController.swift */,
			);
			path = Controllers;
			sourceTree = "<group>";
		};
/* End PBXGroup section */

/* Begin PBXNativeTarget section */
		1A1EFDF5260A8D7400B02910 /* nearBuy10 */ = {
			isa = PBXNativeTarget;
			buildConfigurationList = 1A1EFE0D260A8D7500B02910 /* Build configuration list for PBXNativeTarget "nearBuy10" */;
			buildPhases = (
				1A1EFDF2260A8D7400B02910 /* Sources */,
				1A1EFDF3260A8D7400B02910 /* Frameworks */,
				1A1EFDF4260A8D7400B02910 /* Resources */,
			);
			buildRules = (
			);
			dependencies = (
			);
			name = nearBuy10;
			productName = nearBuy10;
			productReference = 1A1EFDF6260A8D7400B02910 /* nearBuy10.app */;
			productType = "com.apple.product-type.application";
		};
/* End PBXNativeTarget section */

/* Begin PBXProject section */
		1A1EFDEE260A8D7400B02910 /* Project object */ = {
			isa = PBXProject;
			attributes = {
				LastSwiftUpdateCheck = 1220;
				LastUpgradeCheck = 1220;
				TargetAttributes = {
					1A1EFDF5260A8D7400B02910 = {
						CreatedOnToolsVersion = 12.2;
					};
				};
			};
			buildConfigurationList = 1A1EFDF1260A8D7400B02910 /* Build configuration list for PBXProject "nearBuy10" */;
			compatibilityVersion = "Xcode 9.3";
			developmentRegion = en;
			hasScannedForEncodings = 0;
			knownRegions = (
				en,
				Base,
			);
			mainGroup = 1A1EFDED260A8D7400B02910;
			productRefGroup = 1A1EFDF7260A8D7400B02910 /* Products */;
			projectDirPath = "";
			projectRoot = "";
			targets = (
				1A1EFDF5260A8D7400B02910 /* nearBuy10 */,
			);
		};
/* End PBXProject section */

/* Begin PBXResourcesBuildPhase section */
		1A1EFDF4260A8D7400B02910 /* Resources */ = {
			isa = PBXResourcesBuildPhase;
			buildActionMask = 2147483647;
			files = (
				1A1EFE09260A8D7500B02910 /* LaunchScreen.storyboard in Resources */,
				1A1EFE06260A8D7500B02910 /* Assets.xcassets in Resources */,
				1A1EFE01260A8D7400B02910 /* Main.storyboard in Resources */,
			);
			runOnlyForDeploymentPostprocessing = 0;
		};
/* End PBXResourcesBuildPhase section */

/* Begin PBXSourcesBuildPhase section */
		1A1EFDF2260A8D7400B02910 /* Sources */ = {
			isa = PBXSourcesBuildPhase;
			buildActionMask = 2147483647;
			files = (
				1A1EFDFE260A8D7400B02910 /* ViewController.swift in Sources */,
				1A1EFE1D260A949500B02910 /* ShoppingTableViewController.swift in Sources */,
				1A1EFE1A260A947E00B02910 /* AddNewItemViewController.swift in Sources */,
				1A1EFE04260A8D7400B02910 /* nearBuy10.xcdatamodeld in Sources */,
				1A1EFE23260A95FD00B02910 /* Store+CoreDataClass.swift in Sources */,
				1A1EFE25260A95FD00B02910 /* Item+CoreDataClass.swift in Sources */,
				1A44A875261256B500337DA3 /* DetailedItemViewController.swift in Sources */,
				1A1EFE26260A95FD00B02910 /* Item+CoreDataProperties.swift in Sources */,
				1A1EFE24260A95FD00B02910 /* Store+CoreDataProperties.swift in Sources */,
				1A1EFDFA260A8D7400B02910 /* AppDelegate.swift in Sources */,
				1A1EFDFC260A8D7400B02910 /* SceneDelegate.swift in Sources */,
				1A1EFE17260A944F00B02910 /* ItemTableViewController.swift in Sources */,
				1A1EFE12260A943B00B02910 /* StoreTableViewController.swift in Sources */,
			);
			runOnlyForDeploymentPostprocessing = 0;
		};
/* End PBXSourcesBuildPhase section */

/* Begin PBXVariantGroup section */
		1A1EFDFF260A8D7400B02910 /* Main.storyboard */ = {
			isa = PBXVariantGroup;
			children = (
				1A1EFE00260A8D7400B02910 /* Base */,
			);
			name = Main.storyboard;
			sourceTree = "<group>";
		};
		1A1EFE07260A8D7500B02910 /* LaunchScreen.storyboard */ = {
			isa = PBXVariantGroup;
			children = (
				1A1EFE08260A8D7500B02910 /* Base */,
			);
			name = LaunchScreen.storyboard;
			sourceTree = "<group>";
		};
/* End PBXVariantGroup section */

/* Begin XCBuildConfiguration section */
		1A1EFE0B260A8D7500B02910 /* Debug */ = {
			isa = XCBuildConfiguration;
			buildSettings = {
				ALWAYS_SEARCH_USER_PATHS = NO;
				CLANG_ANALYZER_NONNULL = YES;
				CLANG_ANALYZER_NUMBER_OBJECT_CONVERSION = YES_AGGRESSIVE;
				CLANG_CXX_LANGUAGE_STANDARD = "gnu++14";
				CLANG_CXX_LIBRARY = "libc++";
				CLANG_ENABLE_MODULES = YES;
				CLANG_ENABLE_OBJC_ARC = YES;
				CLANG_ENABLE_OBJC_WEAK = YES;
				CLANG_WARN_BLOCK_CAPTURE_AUTORELEASING = YES;
				CLANG_WARN_BOOL_CONVERSION = YES;
				CLANG_WARN_COMMA = YES;
				CLANG_WARN_CONSTANT_CONVERSION = YES;
				CLANG_WARN_DEPRECATED_OBJC_IMPLEMENTATIONS = YES;
				CLANG_WARN_DIRECT_OBJC_ISA_USAGE = YES_ERROR;
				CLANG_WARN_DOCUMENTATION_COMMENTS = YES;
				CLANG_WARN_EMPTY_BODY = YES;
				CLANG_WARN_ENUM_CONVERSION = YES;
				CLANG_WARN_INFINITE_RECURSION = YES;
				CLANG_WARN_INT_CONVERSION = YES;
				CLANG_WARN_NON_LITERAL_NULL_CONVERSION = YES;
				CLANG_WARN_OBJC_IMPLICIT_RETAIN_SELF = YES;
				CLANG_WARN_OBJC_LITERAL_CONVERSION = YES;
				CLANG_WARN_OBJC_ROOT_CLASS = YES_ERROR;
				CLANG_WARN_QUOTED_INCLUDE_IN_FRAMEWORK_HEADER = YES;
				CLANG_WARN_RANGE_LOOP_ANALYSIS = YES;
				CLANG_WARN_STRICT_PROTOTYPES = YES;
				CLANG_WARN_SUSPICIOUS_MOVE = YES;
				CLANG_WARN_UNGUARDED_AVAILABILITY = YES_AGGRESSIVE;
				CLANG_WARN_UNREACHABLE_CODE = YES;
				CLANG_WARN__DUPLICATE_METHOD_MATCH = YES;
				COPY_PHASE_STRIP = NO;
				DEBUG_INFORMATION_FORMAT = dwarf;
				ENABLE_STRICT_OBJC_MSGSEND = YES;
				ENABLE_TESTABILITY = YES;
				GCC_C_LANGUAGE_STANDARD = gnu11;
				GCC_DYNAMIC_NO_PIC = NO;
				GCC_NO_COMMON_BLOCKS = YES;
				GCC_OPTIMIZATION_LEVEL = 0;
				GCC_PREPROCESSOR_DEFINITIONS = (
					"DEBUG=1",
					"$(inherited)",
				);
				GCC_WARN_64_TO_32_BIT_CONVERSION = YES;
				GCC_WARN_ABOUT_RETURN_TYPE = YES_ERROR;
				GCC_WARN_UNDECLARED_SELECTOR = YES;
				GCC_WARN_UNINITIALIZED_AUTOS = YES_AGGRESSIVE;
				GCC_WARN_UNUSED_FUNCTION = YES;
				GCC_WARN_UNUSED_VARIABLE = YES;
				IPHONEOS_DEPLOYMENT_TARGET = 14.2;
				MTL_ENABLE_DEBUG_INFO = INCLUDE_SOURCE;
				MTL_FAST_MATH = YES;
				ONLY_ACTIVE_ARCH = YES;
				SDKROOT = iphoneos;
				SWIFT_ACTIVE_COMPILATION_CONDITIONS = DEBUG;
				SWIFT_OPTIMIZATION_LEVEL = "-Onone";
			};
			name = Debug;
		};
		1A1EFE0C260A8D7500B02910 /* Release */ = {
			isa = XCBuildConfiguration;
			buildSettings = {
				ALWAYS_SEARCH_USER_PATHS = NO;
				CLANG_ANALYZER_NONNULL = YES;
				CLANG_ANALYZER_NUMBER_OBJECT_CONVERSION = YES_AGGRESSIVE;
				CLANG_CXX_LANGUAGE_STANDARD = "gnu++14";
				CLANG_CXX_LIBRARY = "libc++";
				CLANG_ENABLE_MODULES = YES;
				CLANG_ENABLE_OBJC_ARC = YES;
				CLANG_ENABLE_OBJC_WEAK = YES;
				CLANG_WARN_BLOCK_CAPTURE_AUTORELEASING = YES;
				CLANG_WARN_BOOL_CONVERSION = YES;
				CLANG_WARN_COMMA = YES;
				CLANG_WARN_CONSTANT_CONVERSION = YES;
				CLANG_WARN_DEPRECATED_OBJC_IMPLEMENTATIONS = YES;
				CLANG_WARN_DIRECT_OBJC_ISA_USAGE = YES_ERROR;
				CLANG_WARN_DOCUMENTATION_COMMENTS = YES;
				CLANG_WARN_EMPTY_BODY = YES;
				CLANG_WARN_ENUM_CONVERSION = YES;
				CLANG_WARN_INFINITE_RECURSION = YES;
				CLANG_WARN_INT_CONVERSION = YES;
				CLANG_WARN_NON_LITERAL_NULL_CONVERSION = YES;
				CLANG_WARN_OBJC_IMPLICIT_RETAIN_SELF = YES;
				CLANG_WARN_OBJC_LITERAL_CONVERSION = YES;
				CLANG_WARN_OBJC_ROOT_CLASS = YES_ERROR;
				CLANG_WARN_QUOTED_INCLUDE_IN_FRAMEWORK_HEADER = YES;
				CLANG_WARN_RANGE_LOOP_ANALYSIS = YES;
				CLANG_WARN_STRICT_PROTOTYPES = YES;
				CLANG_WARN_SUSPICIOUS_MOVE = YES;
				CLANG_WARN_UNGUARDED_AVAILABILITY = YES_AGGRESSIVE;
				CLANG_WARN_UNREACHABLE_CODE = YES;
				CLANG_WARN__DUPLICATE_METHOD_MATCH = YES;
				COPY_PHASE_STRIP = NO;
				DEBUG_INFORMATION_FORMAT = "dwarf-with-dsym";
				ENABLE_NS_ASSERTIONS = NO;
				ENABLE_STRICT_OBJC_MSGSEND = YES;
				GCC_C_LANGUAGE_STANDARD = gnu11;
				GCC_NO_COMMON_BLOCKS = YES;
				GCC_WARN_64_TO_32_BIT_CONVERSION = YES;
				GCC_WARN_ABOUT_RETURN_TYPE = YES_ERROR;
				GCC_WARN_UNDECLARED_SELECTOR = YES;
				GCC_WARN_UNINITIALIZED_AUTOS = YES_AGGRESSIVE;
				GCC_WARN_UNUSED_FUNCTION = YES;
				GCC_WARN_UNUSED_VARIABLE = YES;
				IPHONEOS_DEPLOYMENT_TARGET = 14.2;
				MTL_ENABLE_DEBUG_INFO = NO;
				MTL_FAST_MATH = YES;
				SDKROOT = iphoneos;
				SWIFT_COMPILATION_MODE = wholemodule;
				SWIFT_OPTIMIZATION_LEVEL = "-O";
				VALIDATE_PRODUCT = YES;
			};
			name = Release;
		};
		1A1EFE0E260A8D7500B02910 /* Debug */ = {
			isa = XCBuildConfiguration;
			buildSettings = {
				ASSETCATALOG_COMPILER_APPICON_NAME = AppIcon;
				ASSETCATALOG_COMPILER_GLOBAL_ACCENT_COLOR_NAME = AccentColor;
				CODE_SIGN_STYLE = Automatic;
				DEVELOPMENT_TEAM = WT772NF963;
				INFOPLIST_FILE = nearBuy10/Info.plist;
				LD_RUNPATH_SEARCH_PATHS = (
					"$(inherited)",
					"@executable_path/Frameworks",
				);
				PRODUCT_BUNDLE_IDENTIFIER = "fox-tree.com.nearBuy10";
				PRODUCT_NAME = "$(TARGET_NAME)";
				SWIFT_VERSION = 5.0;
				TARGETED_DEVICE_FAMILY = "1,2";
			};
			name = Debug;
		};
		1A1EFE0F260A8D7500B02910 /* Release */ = {
			isa = XCBuildConfiguration;
			buildSettings = {
				ASSETCATALOG_COMPILER_APPICON_NAME = AppIcon;
				ASSETCATALOG_COMPILER_GLOBAL_ACCENT_COLOR_NAME = AccentColor;
				CODE_SIGN_STYLE = Automatic;
				DEVELOPMENT_TEAM = WT772NF963;
				INFOPLIST_FILE = nearBuy10/Info.plist;
				LD_RUNPATH_SEARCH_PATHS = (
					"$(inherited)",
					"@executable_path/Frameworks",
				);
				PRODUCT_BUNDLE_IDENTIFIER = "fox-tree.com.nearBuy10";
				PRODUCT_NAME = "$(TARGET_NAME)";
				SWIFT_VERSION = 5.0;
				TARGETED_DEVICE_FAMILY = "1,2";
			};
			name = Release;
		};
/* End XCBuildConfiguration section */

/* Begin XCConfigurationList section */
		1A1EFDF1260A8D7400B02910 /* Build configuration list for PBXProject "nearBuy10" */ = {
			isa = XCConfigurationList;
			buildConfigurations = (
				1A1EFE0B260A8D7500B02910 /* Debug */,
				1A1EFE0C260A8D7500B02910 /* Release */,
			);
			defaultConfigurationIsVisible = 0;
			defaultConfigurationName = Release;
		};
		1A1EFE0D260A8D7500B02910 /* Build configuration list for PBXNativeTarget "nearBuy10" */ = {
			isa = XCConfigurationList;
			buildConfigurations = (
				1A1EFE0E260A8D7500B02910 /* Debug */,
				1A1EFE0F260A8D7500B02910 /* Release */,
			);
			defaultConfigurationIsVisible = 0;
			defaultConfigurationName = Release;
		};
/* End XCConfigurationList section */

/* Begin XCVersionGroup section */
		1A1EFE02260A8D7400B02910 /* nearBuy10.xcdatamodeld */ = {
			isa = XCVersionGroup;
			children = (
				1A1EFE03260A8D7400B02910 /* nearBuy10.xcdatamodel */,
			);
			currentVersion = 1A1EFE03260A8D7400B02910 /* nearBuy10.xcdatamodel */;
			path = nearBuy10.xcdatamodeld;
			sourceTree = "<group>";
			versionGroupType = wrapper.xcdatamodel;
		};
/* End XCVersionGroup section */
	};
	rootObject = 1A1EFDEE260A8D7400B02910 /* Project object */;
}
